
Microsoft Visual Studio Solution File, Format Version 12.00
# Visual Studio Version 17
VisualStudioVersion = 17.2.32630.192
MinimumVisualStudioVersion = 10.0.40219.1
Project("{FAE04EC0-301F-11D3-BF4B-00C04F79EFBC}") = "HttpClient", "HttpClient.csproj", "{EC36C69B-60DE-4BDD-8B53-CD27C9783BA0}"
EndProject
Global
	GlobalSection(SolutionConfigurationPlatforms) = preSolution
		Debug|Any CPU = Debug|Any CPU
		Release|Any CPU = Release|Any CPU
	EndGlobalSection
	GlobalSection(ProjectConfigurationPlatforms) = postSolution
		{EC36C69B-60DE-4BDD-8B53-CD27C9783BA0}.Debug|Any CPU.ActiveCfg = Debug|Any CPU
		{EC36C69B-60DE-4BDD-8B53-CD27C9783BA0}.Debug|Any CPU.Build.0 = Debug|Any CPU
		{EC36C69B-60DE-4BDD-8B53-CD27C9783BA0}.Release|Any CPU.ActiveCfg = Release|Any CPU
		{EC36C69B-60DE-4BDD-8B53-CD27C9783BA0}.Release|Any CPU.Build.0 = Release|Any CPU
	EndGlobalSection
	GlobalSection(SolutionProperties) = preSolution
		HideSolutionNode = FALSE
	EndGlobalSection
	GlobalSection(ExtensibilityGlobals) = postSolution
		SolutionGuid = {F0634E0A-0B13-4590-998F-BCE7F518E57A}
	EndGlobalSection
EndGlobal
